<?xml version="1.0" encoding="utf-8"?>
<Project ToolsVersion="4.0" xmlns="http://schemas.microsoft.com/developer/msbuild/2003">
  <ItemGroup>
    <Filter Include="Source files">
      <UniqueIdentifier>{710bcdfc-64ae-4201-ab1f-78412c890d3b}</UniqueIdentifier>
      <Extensions>cpp;c;cc;cxx;def;odl;idl;hpj;bat;asm;asmx</Extensions>
    </Filter>
    <Filter Include="Header files">
      <UniqueIdentifier>{f157faac-8533-420c-900e-276923c9997f}</UniqueIdentifier>
      <Extensions>h;hpp;hxx;hm;inl;inc;xsd</Extensions>
    </Filter>
    <Filter Include="Resource files">
      <UniqueIdentifier>{d6ab41e6-70d5-4f3d-ac7a-acf1097b80c5}</UniqueIdentifier>
      <Extensions>rc;ico;cur;bmp;dlg;rc2;rct;bin;rgs;gif;jpg;jpeg;jpe;resx;tiff;tif;png;wav</Extensions>
    </Filter>
    <Filter Include="Source files\Inc">
      <UniqueIdentifier>{893d6d33-ee79-4bc3-9679-4347373988a4}</UniqueIdentifier>
    </Filter>
    <Filter Include="Source files\Src">
      <UniqueIdentifier>{f496d999-ce37-465f-a271-22524242e2de}</UniqueIdentifier>
    </Filter>
    <Filter Include="Source files\Shared sources">
      <UniqueIdentifier>{e2c99137-d3e4-4a64-936b-ce08162e7a8c}</UniqueIdentifier>
    </Filter>
    <Filter Include="Source files\Device-specific files">
      <UniqueIdentifier>{8a373caf-7abe-4a41-9b05-9521c75a4907}</UniqueIdentifier>
    </Filter>
    <Filter Include="Header files\Inc">
      <UniqueIdentifier>{87938019-318e-40c9-871a-a075ad4da7be}</UniqueIdentifier>
    </Filter>
    <Filter Include="Header files\Src">
      <UniqueIdentifier>{6cf49b78-99fc-4dc8-8b51-3541ae48065d}</UniqueIdentifier>
    </Filter>
    <Filter Include="Header files\Device-specific files">
      <UniqueIdentifier>{76ea5a0b-024b-4912-9dc8-232654b21023}</UniqueIdentifier>
    </Filter>
    <Filter Include="VisualGDB settings">
      <UniqueIdentifier>{75a32229-91b3-4c7c-9856-8f9a955dde50}</UniqueIdentifier>
    </Filter>
  </ItemGroup>
  <ItemGroup>
    <None Include="readme.txt">
      <Filter>Source files</Filter>
    </None>
    <ClCompile Include="Src\main.c">
      <Filter>Source files\Src</Filter>
    </ClCompile>
    <ClCompile Include="Src\stm32l1xx_hal_msp.c">
      <Filter>Source files\Src</Filter>
    </ClCompile>
    <ClCompile Include="Src\stm32l1xx_it.c">
      <Filter>Source files\Src</Filter>
    </ClCompile>
    <ClCompile Include="Src\system_stm32l1xx.c">
      <Filter>Source files\Src</Filter>
    </ClCompile>
    <ClCompile Include="..\..\..\..\..\AppData\Local\VisualGDB\EmbeddedBSPs\arm-eabi\com.sysprogs.arm.stm32\VendorSamples\STM32Cube_FW_L1_V1.8.0\Drivers\BSP\STM32L152C-Discovery\stm32l152c_discovery.c">
      <Filter>Source files\Shared sources</Filter>
    </ClCompile>
    <ClCompile Include="..\..\..\..\..\AppData\Local\VisualGDB\EmbeddedBSPs\arm-eabi\com.sysprogs.arm.stm32\VendorSamples\STM32Cube_FW_L1_V1.8.0\Drivers\BSP\STM32L152C-Discovery\stm32l152c_discovery_glass_lcd.c">
      <Filter>Source files\Shared sources</Filter>
    </ClCompile>
    <ClCompile Include="..\..\..\..\..\AppData\Local\VisualGDB\EmbeddedBSPs\arm-eabi\com.sysprogs.arm.stm32\STM32L1xxxx\STM32L1xx_HAL_Driver\Src\stm32l1xx_hal_cortex.c">
      <Filter>Source files\Shared sources</Filter>
    </ClCompile>
    <ClCompile Include="..\..\..\..\..\AppData\Local\VisualGDB\EmbeddedBSPs\arm-eabi\com.sysprogs.arm.stm32\STM32L1xxxx\STM32L1xx_HAL_Driver\Src\stm32l1xx_hal.c">
      <Filter>Source files\Shared sources</Filter>
    </ClCompile>
    <ClCompile Include="..\..\..\..\..\AppData\Local\VisualGDB\EmbeddedBSPs\arm-eabi\com.sysprogs.arm.stm32\STM32L1xxxx\STM32L1xx_HAL_Driver\Src\stm32l1xx_hal_rcc_ex.c">
      <Filter>Source files\Shared sources</Filter>
    </ClCompile>
    <ClCompile Include="..\..\..\..\..\AppData\Local\VisualGDB\EmbeddedBSPs\arm-eabi\com.sysprogs.arm.stm32\STM32L1xxxx\STM32L1xx_HAL_Driver\Src\stm32l1xx_hal_pwr.c">
      <Filter>Source files\Shared sources</Filter>
    </ClCompile>
    <ClCompile Include="..\..\..\..\..\AppData\Local\VisualGDB\EmbeddedBSPs\arm-eabi\com.sysprogs.arm.stm32\STM32L1xxxx\STM32L1xx_HAL_Driver\Src\stm32l1xx_hal_lcd.c">
      <Filter>Source files\Shared sources</Filter>
    </ClCompile>
    <ClCompile Include="..\..\..\..\..\AppData\Local\VisualGDB\EmbeddedBSPs\arm-eabi\com.sysprogs.arm.stm32\STM32L1xxxx\STM32L1xx_HAL_Driver\Src\stm32l1xx_hal_pwr_ex.c">
      <Filter>Source files\Shared sources</Filter>
    </ClCompile>
    <ClCompile Include="..\..\..\..\..\AppData\Local\VisualGDB\EmbeddedBSPs\arm-eabi\com.sysprogs.arm.stm32\STM32L1xxxx\STM32L1xx_HAL_Driver\Src\stm32l1xx_hal_rcc.c">
      <Filter>Source files\Shared sources</Filter>
    </ClCompile>
    <ClCompile Include="..\..\..\..\..\AppData\Local\VisualGDB\EmbeddedBSPs\arm-eabi\com.sysprogs.arm.stm32\STM32L1xxxx\STM32L1xx_HAL_Driver\Src\stm32l1xx_hal_gpio.c">
      <Filter>Source files\Shared sources</Filter>
    </ClCompile>
    <None Include="stm32.props">
      <Filter>Source files\Device-specific files</Filter>
    </None>
    <ClCompile Include="$(BSP_ROOT)\STM32L1xxxx\StartupFiles\startup_stm32l152xc.c">
      <Filter>Source files\Device-specific files</Filter>
    </ClCompile>
    <ClInclude Include="Inc\main.h">
      <Filter>Header files\Inc</Filter>
    </ClInclude>
    <ClInclude Include="Inc\stm32l1xx_hal_conf.h">
      <Filter>Header files\Inc</Filter>
    </ClInclude>
    <ClInclude Include="Inc\stm32l1xx_it.h">
      <Filter>Header files\Inc</Filter>
    </ClInclude>
    <None Include="Lab3-Debug.vgdbsettings">
      <Filter>VisualGDB settings</Filter>
    </None>
    <None Include="Lab3-Release.vgdbsettings">
      <Filter>VisualGDB settings</Filter>
    </None>
    <None Include="stm32.xml">
      <Filter>VisualGDB settings</Filter>
    </None>
  </ItemGroup>
</Project>