<?xml version="1.0" encoding="utf-8"?>
<Project ToolsVersion="4.0" xmlns="http://schemas.microsoft.com/developer/msbuild/2003">
  <ItemGroup>
    <Filter Include="Source files">
      <UniqueIdentifier>{6e89fb16-864e-41ec-ac9e-0a94a38a5fdf}</UniqueIdentifier>
      <Extensions>cpp;c;cc;cxx;def;odl;idl;hpj;bat;asm;asmx</Extensions>
    </Filter>
    <Filter Include="Header files">
      <UniqueIdentifier>{fdbf2265-cf3f-46db-b528-b600796bd43d}</UniqueIdentifier>
      <Extensions>h;hpp;hxx;hm;inl;inc;xsd</Extensions>
    </Filter>
    <Filter Include="Resource files">
      <UniqueIdentifier>{d3482ccd-814f-4f25-9d35-d9f623b4b642}</UniqueIdentifier>
      <Extensions>rc;ico;cur;bmp;dlg;rc2;rct;bin;rgs;gif;jpg;jpeg;jpe;resx;tiff;tif;png;wav</Extensions>
    </Filter>
    <Filter Include="Source files\Inc">
      <UniqueIdentifier>{8fdd5a4a-ef4d-4f1f-bf96-50fc0e5afcbd}</UniqueIdentifier>
    </Filter>
    <Filter Include="Source files\Src">
      <UniqueIdentifier>{c4049aa9-387c-466e-922c-17ce3d5dda80}</UniqueIdentifier>
    </Filter>
    <Filter Include="Source files\Shared sources">
      <UniqueIdentifier>{3ad9bd69-b268-420f-9f46-5e23b863c36e}</UniqueIdentifier>
    </Filter>
    <Filter Include="Source files\Device-specific files">
      <UniqueIdentifier>{bbf9d522-5360-4b5c-a39b-ed321b3976f2}</UniqueIdentifier>
    </Filter>
    <Filter Include="Header files\Inc">
      <UniqueIdentifier>{8896ab54-1666-49ec-a065-ba13ec7621f1}</UniqueIdentifier>
    </Filter>
    <Filter Include="Header files\Src">
      <UniqueIdentifier>{60cf15ba-feed-43d8-8f04-1f8e6c6ad95e}</UniqueIdentifier>
    </Filter>
    <Filter Include="Header files\Device-specific files">
      <UniqueIdentifier>{d9a60aa0-228c-4c74-89cc-2d4f12c9749d}</UniqueIdentifier>
    </Filter>
    <Filter Include="VisualGDB settings">
      <UniqueIdentifier>{0b7d4e0a-206d-42fa-9360-de03745e1881}</UniqueIdentifier>
    </Filter>
  </ItemGroup>
  <ItemGroup>
    <None Include="readme.txt">
      <Filter>Source files</Filter>
    </None>
    <ClCompile Include="Src\main.c">
      <Filter>Source files\Src</Filter>
    </ClCompile>
    <ClCompile Include="Src\system_stm32l1xx.c">
      <Filter>Source files\Src</Filter>
    </ClCompile>
    <ClCompile Include="..\..\..\..\..\AppData\Local\VisualGDB\EmbeddedBSPs\arm-eabi\com.sysprogs.arm.stm32\VendorSamples\STM32Cube_FW_L1_V1.8.0\Drivers\BSP\STM32L152C-Discovery\stm32l152c_discovery.c">
      <Filter>Source files\Shared sources</Filter>
    </ClCompile>
    <ClCompile Include="..\..\..\..\..\AppData\Local\VisualGDB\EmbeddedBSPs\arm-eabi\com.sysprogs.arm.stm32\STM32L1xxxx\STM32L1xx_HAL_Driver\Src\stm32l1xx_hal_cortex.c">
      <Filter>Source files\Shared sources</Filter>
    </ClCompile>
    <ClCompile Include="..\..\..\..\..\AppData\Local\VisualGDB\EmbeddedBSPs\arm-eabi\com.sysprogs.arm.stm32\STM32L1xxxx\STM32L1xx_HAL_Driver\Src\stm32l1xx_hal_comp.c">
      <Filter>Source files\Shared sources</Filter>
    </ClCompile>
    <ClCompile Include="..\..\..\..\..\AppData\Local\VisualGDB\EmbeddedBSPs\arm-eabi\com.sysprogs.arm.stm32\STM32L1xxxx\STM32L1xx_HAL_Driver\Src\stm32l1xx_hal.c">
      <Filter>Source files\Shared sources</Filter>
    </ClCompile>
    <ClCompile Include="..\..\..\..\..\AppData\Local\VisualGDB\EmbeddedBSPs\arm-eabi\com.sysprogs.arm.stm32\STM32L1xxxx\STM32L1xx_HAL_Driver\Src\stm32l1xx_hal_pwr.c">
      <Filter>Source files\Shared sources</Filter>
    </ClCompile>
    <ClCompile Include="..\..\..\..\..\AppData\Local\VisualGDB\EmbeddedBSPs\arm-eabi\com.sysprogs.arm.stm32\STM32L1xxxx\STM32L1xx_HAL_Driver\Src\stm32l1xx_hal_pwr_ex.c">
      <Filter>Source files\Shared sources</Filter>
    </ClCompile>
    <ClCompile Include="..\..\..\..\..\AppData\Local\VisualGDB\EmbeddedBSPs\arm-eabi\com.sysprogs.arm.stm32\STM32L1xxxx\STM32L1xx_HAL_Driver\Src\stm32l1xx_hal_rcc.c">
      <Filter>Source files\Shared sources</Filter>
    </ClCompile>
    <ClCompile Include="..\..\..\..\..\AppData\Local\VisualGDB\EmbeddedBSPs\arm-eabi\com.sysprogs.arm.stm32\STM32L1xxxx\STM32L1xx_HAL_Driver\Src\stm32l1xx_hal_gpio.c">
      <Filter>Source files\Shared sources</Filter>
    </ClCompile>
    <None Include="stm32.props">
      <Filter>Source files\Device-specific files</Filter>
    </None>
    <ClCompile Include="$(BSP_ROOT)\STM32L1xxxx\StartupFiles\startup_stm32l152xc.c">
      <Filter>Source files\Device-specific files</Filter>
    </ClCompile>
    <ClInclude Include="Inc\stm32l1xx_hal_conf.h">
      <Filter>Header files\Inc</Filter>
    </ClInclude>
    <ClInclude Include="Inc\stm32l1xx_it.h">
      <Filter>Header files\Inc</Filter>
    </ClInclude>
    <None Include="Lab2-Debug.vgdbsettings">
      <Filter>VisualGDB settings</Filter>
    </None>
    <None Include="Lab2-Release.vgdbsettings">
      <Filter>VisualGDB settings</Filter>
    </None>
    <None Include="stm32.xml">
      <Filter>VisualGDB settings</Filter>
    </None>
  </ItemGroup>
  <ItemGroup>
    <ClCompile Include="..\Lab1\Src\stm32l1xx_it.c">
      <Filter>Source files\Src</Filter>
    </ClCompile>
  </ItemGroup>
  <ItemGroup>
    <ClInclude Include="Inc\main.h">
      <Filter>Header files\Inc</Filter>
    </ClInclude>
  </ItemGroup>
</Project>